
Microsoft Visual Studio Solution File, Format Version 10.00
# Visual Studio 2008
Project("{8BC9CEB8-8B4A-11D0-8D11-00A0C91BC942}") = "HotkeyKrnl.W7", "HotkeyKrnl\HotkeyKrnl.W7.vcproj", "{EB0197B4-E3A9-481F-A6DA-43591DAA8EC7}"
EndProject
Project("{8BC9CEB8-8B4A-11D0-8D11-00A0C91BC942}") = "HotkeyUser", "HotkeyUser\HotkeyUser.vcproj", "{E14C8BFF-36C6-4385-B9AF-BE0A99049400}"
EndProject
Project("{8BC9CEB8-8B4A-11D0-8D11-00A0C91BC942}") = "TestApp", "TestApp\TestApp.vcproj", "{8BCC3513-389C-483F-A01B-3D839C74C361}"
EndProject
Global
	GlobalSection(SolutionConfigurationPlatforms) = preSolution
		Debug|Win32 = Debug|Win32
		Release|Win32 = Release|Win32
		W7 checked|Win32 = W7 checked|Win32
		W7 free|Win32 = W7 free|Win32
		W7LH checked|Win32 = W7LH checked|Win32
		W7LH free|Win32 = W7LH free|Win32
		W7NET checked|Win32 = W7NET checked|Win32
		W7NET free|Win32 = W7NET free|Win32
		W7XP checked|Win32 = W7XP checked|Win32
		W7XP free|Win32 = W7XP free|Win32
	EndGlobalSection
	GlobalSection(ProjectConfigurationPlatforms) = postSolution
		{EB0197B4-E3A9-481F-A6DA-43591DAA8EC7}.Debug|Win32.ActiveCfg = W7XP checked|Win32
		{EB0197B4-E3A9-481F-A6DA-43591DAA8EC7}.Debug|Win32.Build.0 = W7XP checked|Win32
		{EB0197B4-E3A9-481F-A6DA-43591DAA8EC7}.Release|Win32.ActiveCfg = W7XP checked|Win32
		{EB0197B4-E3A9-481F-A6DA-43591DAA8EC7}.Release|Win32.Build.0 = W7XP checked|Win32
		{EB0197B4-E3A9-481F-A6DA-43591DAA8EC7}.W7 checked|Win32.ActiveCfg = W7 checked|Win32
		{EB0197B4-E3A9-481F-A6DA-43591DAA8EC7}.W7 checked|Win32.Build.0 = W7 checked|Win32
		{EB0197B4-E3A9-481F-A6DA-43591DAA8EC7}.W7 checked|Win32.Deploy.0 = W7 checked|Win32
		{EB0197B4-E3A9-481F-A6DA-43591DAA8EC7}.W7 free|Win32.ActiveCfg = W7 free|Win32
		{EB0197B4-E3A9-481F-A6DA-43591DAA8EC7}.W7 free|Win32.Build.0 = W7 free|Win32
		{EB0197B4-E3A9-481F-A6DA-43591DAA8EC7}.W7 free|Win32.Deploy.0 = W7 free|Win32
		{EB0197B4-E3A9-481F-A6DA-43591DAA8EC7}.W7LH checked|Win32.ActiveCfg = W7LH checked|Win32
		{EB0197B4-E3A9-481F-A6DA-43591DAA8EC7}.W7LH checked|Win32.Build.0 = W7LH checked|Win32
		{EB0197B4-E3A9-481F-A6DA-43591DAA8EC7}.W7LH checked|Win32.Deploy.0 = W7LH checked|Win32
		{EB0197B4-E3A9-481F-A6DA-43591DAA8EC7}.W7LH free|Win32.ActiveCfg = W7LH free|Win32
		{EB0197B4-E3A9-481F-A6DA-43591DAA8EC7}.W7LH free|Win32.Build.0 = W7LH free|Win32
		{EB0197B4-E3A9-481F-A6DA-43591DAA8EC7}.W7LH free|Win32.Deploy.0 = W7LH free|Win32
		{EB0197B4-E3A9-481F-A6DA-43591DAA8EC7}.W7NET checked|Win32.ActiveCfg = W7NET checked|Win32
		{EB0197B4-E3A9-481F-A6DA-43591DAA8EC7}.W7NET checked|Win32.Build.0 = W7NET checked|Win32
		{EB0197B4-E3A9-481F-A6DA-43591DAA8EC7}.W7NET checked|Win32.Deploy.0 = W7NET checked|Win32
		{EB0197B4-E3A9-481F-A6DA-43591DAA8EC7}.W7NET free|Win32.ActiveCfg = W7NET free|Win32
		{EB0197B4-E3A9-481F-A6DA-43591DAA8EC7}.W7NET free|Win32.Build.0 = W7NET free|Win32
		{EB0197B4-E3A9-481F-A6DA-43591DAA8EC7}.W7NET free|Win32.Deploy.0 = W7NET free|Win32
		{EB0197B4-E3A9-481F-A6DA-43591DAA8EC7}.W7XP checked|Win32.ActiveCfg = W7XP checked|Win32
		{EB0197B4-E3A9-481F-A6DA-43591DAA8EC7}.W7XP checked|Win32.Build.0 = W7XP checked|Win32
		{EB0197B4-E3A9-481F-A6DA-43591DAA8EC7}.W7XP checked|Win32.Deploy.0 = W7XP checked|Win32
		{EB0197B4-E3A9-481F-A6DA-43591DAA8EC7}.W7XP free|Win32.ActiveCfg = W7XP free|Win32
		{EB0197B4-E3A9-481F-A6DA-43591DAA8EC7}.W7XP free|Win32.Build.0 = W7XP free|Win32
		{EB0197B4-E3A9-481F-A6DA-43591DAA8EC7}.W7XP free|Win32.Deploy.0 = W7XP free|Win32
		{E14C8BFF-36C6-4385-B9AF-BE0A99049400}.Debug|Win32.ActiveCfg = Debug|Win32
		{E14C8BFF-36C6-4385-B9AF-BE0A99049400}.Debug|Win32.Build.0 = Debug|Win32
		{E14C8BFF-36C6-4385-B9AF-BE0A99049400}.Release|Win32.ActiveCfg = Release|Win32
		{E14C8BFF-36C6-4385-B9AF-BE0A99049400}.Release|Win32.Build.0 = Release|Win32
		{E14C8BFF-36C6-4385-B9AF-BE0A99049400}.W7 checked|Win32.ActiveCfg = Release|Win32
		{E14C8BFF-36C6-4385-B9AF-BE0A99049400}.W7 checked|Win32.Build.0 = Release|Win32
		{E14C8BFF-36C6-4385-B9AF-BE0A99049400}.W7 free|Win32.ActiveCfg = Release|Win32
		{E14C8BFF-36C6-4385-B9AF-BE0A99049400}.W7 free|Win32.Build.0 = Release|Win32
		{E14C8BFF-36C6-4385-B9AF-BE0A99049400}.W7LH checked|Win32.ActiveCfg = Release|Win32
		{E14C8BFF-36C6-4385-B9AF-BE0A99049400}.W7LH checked|Win32.Build.0 = Release|Win32
		{E14C8BFF-36C6-4385-B9AF-BE0A99049400}.W7LH free|Win32.ActiveCfg = Release|Win32
		{E14C8BFF-36C6-4385-B9AF-BE0A99049400}.W7LH free|Win32.Build.0 = Release|Win32
		{E14C8BFF-36C6-4385-B9AF-BE0A99049400}.W7NET checked|Win32.ActiveCfg = Release|Win32
		{E14C8BFF-36C6-4385-B9AF-BE0A99049400}.W7NET checked|Win32.Build.0 = Release|Win32
		{E14C8BFF-36C6-4385-B9AF-BE0A99049400}.W7NET free|Win32.ActiveCfg = Release|Win32
		{E14C8BFF-36C6-4385-B9AF-BE0A99049400}.W7NET free|Win32.Build.0 = Release|Win32
		{E14C8BFF-36C6-4385-B9AF-BE0A99049400}.W7XP checked|Win32.ActiveCfg = Release|Win32
		{E14C8BFF-36C6-4385-B9AF-BE0A99049400}.W7XP checked|Win32.Build.0 = Release|Win32
		{E14C8BFF-36C6-4385-B9AF-BE0A99049400}.W7XP free|Win32.ActiveCfg = Release|Win32
		{E14C8BFF-36C6-4385-B9AF-BE0A99049400}.W7XP free|Win32.Build.0 = Release|Win32
		{8BCC3513-389C-483F-A01B-3D839C74C361}.Debug|Win32.ActiveCfg = Debug|Win32
		{8BCC3513-389C-483F-A01B-3D839C74C361}.Debug|Win32.Build.0 = Debug|Win32
		{8BCC3513-389C-483F-A01B-3D839C74C361}.Release|Win32.ActiveCfg = Release|Win32
		{8BCC3513-389C-483F-A01B-3D839C74C361}.Release|Win32.Build.0 = Release|Win32
		{8BCC3513-389C-483F-A01B-3D839C74C361}.W7 checked|Win32.ActiveCfg = Release|Win32
		{8BCC3513-389C-483F-A01B-3D839C74C361}.W7 checked|Win32.Build.0 = Release|Win32
		{8BCC3513-389C-483F-A01B-3D839C74C361}.W7 free|Win32.ActiveCfg = Release|Win32
		{8BCC3513-389C-483F-A01B-3D839C74C361}.W7 free|Win32.Build.0 = Release|Win32
		{8BCC3513-389C-483F-A01B-3D839C74C361}.W7LH checked|Win32.ActiveCfg = Release|Win32
		{8BCC3513-389C-483F-A01B-3D839C74C361}.W7LH checked|Win32.Build.0 = Release|Win32
		{8BCC3513-389C-483F-A01B-3D839C74C361}.W7LH free|Win32.ActiveCfg = Release|Win32
		{8BCC3513-389C-483F-A01B-3D839C74C361}.W7LH free|Win32.Build.0 = Release|Win32
		{8BCC3513-389C-483F-A01B-3D839C74C361}.W7NET checked|Win32.ActiveCfg = Release|Win32
		{8BCC3513-389C-483F-A01B-3D839C74C361}.W7NET checked|Win32.Build.0 = Release|Win32
		{8BCC3513-389C-483F-A01B-3D839C74C361}.W7NET free|Win32.ActiveCfg = Release|Win32
		{8BCC3513-389C-483F-A01B-3D839C74C361}.W7NET free|Win32.Build.0 = Release|Win32
		{8BCC3513-389C-483F-A01B-3D839C74C361}.W7XP checked|Win32.ActiveCfg = Release|Win32
		{8BCC3513-389C-483F-A01B-3D839C74C361}.W7XP checked|Win32.Build.0 = Release|Win32
		{8BCC3513-389C-483F-A01B-3D839C74C361}.W7XP free|Win32.ActiveCfg = Release|Win32
		{8BCC3513-389C-483F-A01B-3D839C74C361}.W7XP free|Win32.Build.0 = Release|Win32
	EndGlobalSection
	GlobalSection(SolutionProperties) = preSolution
		HideSolutionNode = FALSE
	EndGlobalSection
EndGlobal
